
Microsoft Visual Studio Solution File, Format Version 12.00
# Visual Studio Version 17
VisualStudioVersion = 17.0.31903.59
MinimumVisualStudioVersion = 10.0.40219.1
Project("{FAE04EC0-301F-11D3-BF4B-00C04F79EFBC}") = "WebAppMvc", "WebAppMvc\WebAppMvc.csproj", "{8AD17D54-9632-4E31-956E-AE6E3C7FAA18}"
EndProject
Project("{FAE04EC0-301F-11D3-BF4B-00C04F79EFBC}") = "SharedKernel", "SharedKernel\SharedKernel.csproj", "{A83986AA-5ED8-4590-BE34-C9811BAFD07D}"
EndProject
Project("{FAE04EC0-301F-11D3-BF4B-00C04F79EFBC}") = "Abstractions", "Abstractions\Abstractions.csproj", "{9B72600A-389D-4D43-B3DE-D898273E5754}"
EndProject
Project("{FAE04EC0-301F-11D3-BF4B-00C04F79EFBC}") = "InventoryService.Api", "InventoryService.Api\InventoryService.Api.csproj", "{B0F2B33B-F9FB-465B-B713-BBA8309BE87C}"
EndProject
Project("{FAE04EC0-301F-11D3-BF4B-00C04F79EFBC}") = "InventoryService.Application", "InventoryService.Application\InventoryService.Application.csproj", "{AD7D64E9-45F4-46BC-9804-7E29FB4C8F13}"
EndProject
Project("{FAE04EC0-301F-11D3-BF4B-00C04F79EFBC}") = "InventoryService.Domain", "InventoryService.Domain\InventoryService.Domain.csproj", "{1C7FF661-3C18-4B1B-AA10-971433BCA134}"
EndProject
Project("{FAE04EC0-301F-11D3-BF4B-00C04F79EFBC}") = "InventoryService.Infrastructure", "InventoryService.Infrastructure\InventoryService.Infrastructure.csproj", "{180E7CFF-EC6A-4DFC-ABCA-7B01480E94A3}"
EndProject
Project("{FAE04EC0-301F-11D3-BF4B-00C04F79EFBC}") = "CatalogService.Api", "CatalogService.Api\CatalogService.Api.csproj", "{1F4064CC-2036-482B-BFF7-39AC6FD94E9C}"
EndProject
Project("{FAE04EC0-301F-11D3-BF4B-00C04F79EFBC}") = "CatalogService.Application", "CatalogService.Application\CatalogService.Application.csproj", "{5272EE24-05F5-45EE-8A02-C0EEA27A7F64}"
EndProject
Project("{FAE04EC0-301F-11D3-BF4B-00C04F79EFBC}") = "CatalogService.Domain", "CatalogService.Domain\CatalogService.Domain.csproj", "{1F798C28-6CEF-472C-9A0E-87F4CB3C7FF5}"
EndProject
Project("{FAE04EC0-301F-11D3-BF4B-00C04F79EFBC}") = "CatalogService.Infrastructure", "CatalogService.Infrastructure\CatalogService.Infrastructure.csproj", "{3B7001D7-4006-45EE-846C-28FA5657D666}"
EndProject
Project("{FAE04EC0-301F-11D3-BF4B-00C04F79EFBC}") = "AuthService.Api", "AuthService.Api\AuthService.Api.csproj", "{906C67B2-43EC-492A-B2C6-0FBA2070FC4E}"
EndProject
Project("{FAE04EC0-301F-11D3-BF4B-00C04F79EFBC}") = "AuthService.Infrastructure", "AuthService.Infrastructure\AuthService.Infrastructure.csproj", "{5AAE2750-F0C3-4C4E-8EE7-6BAB92B13D85}"
EndProject
Project("{FAE04EC0-301F-11D3-BF4B-00C04F79EFBC}") = "AuthService.Domain", "AuthService.Domain\AuthService.Domain.csproj", "{09D0BF1C-4497-427D-B0CC-BCB9AEF82D7A}"
EndProject
Global
	GlobalSection(SolutionConfigurationPlatforms) = preSolution
		Debug|Any CPU = Debug|Any CPU
		Debug|x64 = Debug|x64
		Debug|x86 = Debug|x86
		Release|Any CPU = Release|Any CPU
		Release|x64 = Release|x64
		Release|x86 = Release|x86
	EndGlobalSection
	GlobalSection(ProjectConfigurationPlatforms) = postSolution
		{8AD17D54-9632-4E31-956E-AE6E3C7FAA18}.Debug|Any CPU.ActiveCfg = Debug|Any CPU
		{8AD17D54-9632-4E31-956E-AE6E3C7FAA18}.Debug|Any CPU.Build.0 = Debug|Any CPU
		{8AD17D54-9632-4E31-956E-AE6E3C7FAA18}.Debug|x64.ActiveCfg = Debug|Any CPU
		{8AD17D54-9632-4E31-956E-AE6E3C7FAA18}.Debug|x64.Build.0 = Debug|Any CPU
		{8AD17D54-9632-4E31-956E-AE6E3C7FAA18}.Debug|x86.ActiveCfg = Debug|Any CPU
		{8AD17D54-9632-4E31-956E-AE6E3C7FAA18}.Debug|x86.Build.0 = Debug|Any CPU
		{8AD17D54-9632-4E31-956E-AE6E3C7FAA18}.Release|Any CPU.ActiveCfg = Release|Any CPU
		{8AD17D54-9632-4E31-956E-AE6E3C7FAA18}.Release|Any CPU.Build.0 = Release|Any CPU
		{8AD17D54-9632-4E31-956E-AE6E3C7FAA18}.Release|x64.ActiveCfg = Release|Any CPU
		{8AD17D54-9632-4E31-956E-AE6E3C7FAA18}.Release|x64.Build.0 = Release|Any CPU
		{8AD17D54-9632-4E31-956E-AE6E3C7FAA18}.Release|x86.ActiveCfg = Release|Any CPU
		{8AD17D54-9632-4E31-956E-AE6E3C7FAA18}.Release|x86.Build.0 = Release|Any CPU
		{A83986AA-5ED8-4590-BE34-C9811BAFD07D}.Debug|Any CPU.ActiveCfg = Debug|Any CPU
		{A83986AA-5ED8-4590-BE34-C9811BAFD07D}.Debug|Any CPU.Build.0 = Debug|Any CPU
		{A83986AA-5ED8-4590-BE34-C9811BAFD07D}.Debug|x64.ActiveCfg = Debug|Any CPU
		{A83986AA-5ED8-4590-BE34-C9811BAFD07D}.Debug|x64.Build.0 = Debug|Any CPU
		{A83986AA-5ED8-4590-BE34-C9811BAFD07D}.Debug|x86.ActiveCfg = Debug|Any CPU
		{A83986AA-5ED8-4590-BE34-C9811BAFD07D}.Debug|x86.Build.0 = Debug|Any CPU
		{A83986AA-5ED8-4590-BE34-C9811BAFD07D}.Release|Any CPU.ActiveCfg = Release|Any CPU
		{A83986AA-5ED8-4590-BE34-C9811BAFD07D}.Release|Any CPU.Build.0 = Release|Any CPU
		{A83986AA-5ED8-4590-BE34-C9811BAFD07D}.Release|x64.ActiveCfg = Release|Any CPU
		{A83986AA-5ED8-4590-BE34-C9811BAFD07D}.Release|x64.Build.0 = Release|Any CPU
		{A83986AA-5ED8-4590-BE34-C9811BAFD07D}.Release|x86.ActiveCfg = Release|Any CPU
		{A83986AA-5ED8-4590-BE34-C9811BAFD07D}.Release|x86.Build.0 = Release|Any CPU
		{9B72600A-389D-4D43-B3DE-D898273E5754}.Debug|Any CPU.ActiveCfg = Debug|Any CPU
		{9B72600A-389D-4D43-B3DE-D898273E5754}.Debug|Any CPU.Build.0 = Debug|Any CPU
		{9B72600A-389D-4D43-B3DE-D898273E5754}.Debug|x64.ActiveCfg = Debug|Any CPU
		{9B72600A-389D-4D43-B3DE-D898273E5754}.Debug|x64.Build.0 = Debug|Any CPU
		{9B72600A-389D-4D43-B3DE-D898273E5754}.Debug|x86.ActiveCfg = Debug|Any CPU
		{9B72600A-389D-4D43-B3DE-D898273E5754}.Debug|x86.Build.0 = Debug|Any CPU
		{9B72600A-389D-4D43-B3DE-D898273E5754}.Release|Any CPU.ActiveCfg = Release|Any CPU
		{9B72600A-389D-4D43-B3DE-D898273E5754}.Release|Any CPU.Build.0 = Release|Any CPU
		{9B72600A-389D-4D43-B3DE-D898273E5754}.Release|x64.ActiveCfg = Release|Any CPU
		{9B72600A-389D-4D43-B3DE-D898273E5754}.Release|x64.Build.0 = Release|Any CPU
		{9B72600A-389D-4D43-B3DE-D898273E5754}.Release|x86.ActiveCfg = Release|Any CPU
		{9B72600A-389D-4D43-B3DE-D898273E5754}.Release|x86.Build.0 = Release|Any CPU
		{B0F2B33B-F9FB-465B-B713-BBA8309BE87C}.Debug|Any CPU.ActiveCfg = Debug|Any CPU
		{B0F2B33B-F9FB-465B-B713-BBA8309BE87C}.Debug|Any CPU.Build.0 = Debug|Any CPU
		{B0F2B33B-F9FB-465B-B713-BBA8309BE87C}.Debug|x64.ActiveCfg = Debug|Any CPU
		{B0F2B33B-F9FB-465B-B713-BBA8309BE87C}.Debug|x64.Build.0 = Debug|Any CPU
		{B0F2B33B-F9FB-465B-B713-BBA8309BE87C}.Debug|x86.ActiveCfg = Debug|Any CPU
		{B0F2B33B-F9FB-465B-B713-BBA8309BE87C}.Debug|x86.Build.0 = Debug|Any CPU
		{B0F2B33B-F9FB-465B-B713-BBA8309BE87C}.Release|Any CPU.ActiveCfg = Release|Any CPU
		{B0F2B33B-F9FB-465B-B713-BBA8309BE87C}.Release|Any CPU.Build.0 = Release|Any CPU
		{B0F2B33B-F9FB-465B-B713-BBA8309BE87C}.Release|x64.ActiveCfg = Release|Any CPU
		{B0F2B33B-F9FB-465B-B713-BBA8309BE87C}.Release|x64.Build.0 = Release|Any CPU
		{B0F2B33B-F9FB-465B-B713-BBA8309BE87C}.Release|x86.ActiveCfg = Release|Any CPU
		{B0F2B33B-F9FB-465B-B713-BBA8309BE87C}.Release|x86.Build.0 = Release|Any CPU
		{AD7D64E9-45F4-46BC-9804-7E29FB4C8F13}.Debug|Any CPU.ActiveCfg = Debug|Any CPU
		{AD7D64E9-45F4-46BC-9804-7E29FB4C8F13}.Debug|Any CPU.Build.0 = Debug|Any CPU
		{AD7D64E9-45F4-46BC-9804-7E29FB4C8F13}.Debug|x64.ActiveCfg = Debug|Any CPU
		{AD7D64E9-45F4-46BC-9804-7E29FB4C8F13}.Debug|x64.Build.0 = Debug|Any CPU
		{AD7D64E9-45F4-46BC-9804-7E29FB4C8F13}.Debug|x86.ActiveCfg = Debug|Any CPU
		{AD7D64E9-45F4-46BC-9804-7E29FB4C8F13}.Debug|x86.Build.0 = Debug|Any CPU
		{AD7D64E9-45F4-46BC-9804-7E29FB4C8F13}.Release|Any CPU.ActiveCfg = Release|Any CPU
		{AD7D64E9-45F4-46BC-9804-7E29FB4C8F13}.Release|Any CPU.Build.0 = Release|Any CPU
		{AD7D64E9-45F4-46BC-9804-7E29FB4C8F13}.Release|x64.ActiveCfg = Release|Any CPU
		{AD7D64E9-45F4-46BC-9804-7E29FB4C8F13}.Release|x64.Build.0 = Release|Any CPU
		{AD7D64E9-45F4-46BC-9804-7E29FB4C8F13}.Release|x86.ActiveCfg = Release|Any CPU
		{AD7D64E9-45F4-46BC-9804-7E29FB4C8F13}.Release|x86.Build.0 = Release|Any CPU
		{1C7FF661-3C18-4B1B-AA10-971433BCA134}.Debug|Any CPU.ActiveCfg = Debug|Any CPU
		{1C7FF661-3C18-4B1B-AA10-971433BCA134}.Debug|Any CPU.Build.0 = Debug|Any CPU
		{1C7FF661-3C18-4B1B-AA10-971433BCA134}.Debug|x64.ActiveCfg = Debug|Any CPU
		{1C7FF661-3C18-4B1B-AA10-971433BCA134}.Debug|x64.Build.0 = Debug|Any CPU
		{1C7FF661-3C18-4B1B-AA10-971433BCA134}.Debug|x86.ActiveCfg = Debug|Any CPU
		{1C7FF661-3C18-4B1B-AA10-971433BCA134}.Debug|x86.Build.0 = Debug|Any CPU
		{1C7FF661-3C18-4B1B-AA10-971433BCA134}.Release|Any CPU.ActiveCfg = Release|Any CPU
		{1C7FF661-3C18-4B1B-AA10-971433BCA134}.Release|Any CPU.Build.0 = Release|Any CPU
		{1C7FF661-3C18-4B1B-AA10-971433BCA134}.Release|x64.ActiveCfg = Release|Any CPU
		{1C7FF661-3C18-4B1B-AA10-971433BCA134}.Release|x64.Build.0 = Release|Any CPU
		{1C7FF661-3C18-4B1B-AA10-971433BCA134}.Release|x86.ActiveCfg = Release|Any CPU
		{1C7FF661-3C18-4B1B-AA10-971433BCA134}.Release|x86.Build.0 = Release|Any CPU
		{180E7CFF-EC6A-4DFC-ABCA-7B01480E94A3}.Debug|Any CPU.ActiveCfg = Debug|Any CPU
		{180E7CFF-EC6A-4DFC-ABCA-7B01480E94A3}.Debug|Any CPU.Build.0 = Debug|Any CPU
		{180E7CFF-EC6A-4DFC-ABCA-7B01480E94A3}.Debug|x64.ActiveCfg = Debug|Any CPU
		{180E7CFF-EC6A-4DFC-ABCA-7B01480E94A3}.Debug|x64.Build.0 = Debug|Any CPU
		{180E7CFF-EC6A-4DFC-ABCA-7B01480E94A3}.Debug|x86.ActiveCfg = Debug|Any CPU
		{180E7CFF-EC6A-4DFC-ABCA-7B01480E94A3}.Debug|x86.Build.0 = Debug|Any CPU
		{180E7CFF-EC6A-4DFC-ABCA-7B01480E94A3}.Release|Any CPU.ActiveCfg = Release|Any CPU
		{180E7CFF-EC6A-4DFC-ABCA-7B01480E94A3}.Release|Any CPU.Build.0 = Release|Any CPU
		{180E7CFF-EC6A-4DFC-ABCA-7B01480E94A3}.Release|x64.ActiveCfg = Release|Any CPU
		{180E7CFF-EC6A-4DFC-ABCA-7B01480E94A3}.Release|x64.Build.0 = Release|Any CPU
		{180E7CFF-EC6A-4DFC-ABCA-7B01480E94A3}.Release|x86.ActiveCfg = Release|Any CPU
		{180E7CFF-EC6A-4DFC-ABCA-7B01480E94A3}.Release|x86.Build.0 = Release|Any CPU
		{1F4064CC-2036-482B-BFF7-39AC6FD94E9C}.Debug|Any CPU.ActiveCfg = Debug|Any CPU
		{1F4064CC-2036-482B-BFF7-39AC6FD94E9C}.Debug|Any CPU.Build.0 = Debug|Any CPU
		{1F4064CC-2036-482B-BFF7-39AC6FD94E9C}.Debug|x64.ActiveCfg = Debug|Any CPU
		{1F4064CC-2036-482B-BFF7-39AC6FD94E9C}.Debug|x64.Build.0 = Debug|Any CPU
		{1F4064CC-2036-482B-BFF7-39AC6FD94E9C}.Debug|x86.ActiveCfg = Debug|Any CPU
		{1F4064CC-2036-482B-BFF7-39AC6FD94E9C}.Debug|x86.Build.0 = Debug|Any CPU
		{1F4064CC-2036-482B-BFF7-39AC6FD94E9C}.Release|Any CPU.ActiveCfg = Release|Any CPU
		{1F4064CC-2036-482B-BFF7-39AC6FD94E9C}.Release|Any CPU.Build.0 = Release|Any CPU
		{1F4064CC-2036-482B-BFF7-39AC6FD94E9C}.Release|x64.ActiveCfg = Release|Any CPU
		{1F4064CC-2036-482B-BFF7-39AC6FD94E9C}.Release|x64.Build.0 = Release|Any CPU
		{1F4064CC-2036-482B-BFF7-39AC6FD94E9C}.Release|x86.ActiveCfg = Release|Any CPU
		{1F4064CC-2036-482B-BFF7-39AC6FD94E9C}.Release|x86.Build.0 = Release|Any CPU
		{5272EE24-05F5-45EE-8A02-C0EEA27A7F64}.Debug|Any CPU.ActiveCfg = Debug|Any CPU
		{5272EE24-05F5-45EE-8A02-C0EEA27A7F64}.Debug|Any CPU.Build.0 = Debug|Any CPU
		{5272EE24-05F5-45EE-8A02-C0EEA27A7F64}.Debug|x64.ActiveCfg = Debug|Any CPU
		{5272EE24-05F5-45EE-8A02-C0EEA27A7F64}.Debug|x64.Build.0 = Debug|Any CPU
		{5272EE24-05F5-45EE-8A02-C0EEA27A7F64}.Debug|x86.ActiveCfg = Debug|Any CPU
		{5272EE24-05F5-45EE-8A02-C0EEA27A7F64}.Debug|x86.Build.0 = Debug|Any CPU
		{5272EE24-05F5-45EE-8A02-C0EEA27A7F64}.Release|Any CPU.ActiveCfg = Release|Any CPU
		{5272EE24-05F5-45EE-8A02-C0EEA27A7F64}.Release|Any CPU.Build.0 = Release|Any CPU
		{5272EE24-05F5-45EE-8A02-C0EEA27A7F64}.Release|x64.ActiveCfg = Release|Any CPU
		{5272EE24-05F5-45EE-8A02-C0EEA27A7F64}.Release|x64.Build.0 = Release|Any CPU
		{5272EE24-05F5-45EE-8A02-C0EEA27A7F64}.Release|x86.ActiveCfg = Release|Any CPU
		{5272EE24-05F5-45EE-8A02-C0EEA27A7F64}.Release|x86.Build.0 = Release|Any CPU
		{1F798C28-6CEF-472C-9A0E-87F4CB3C7FF5}.Debug|Any CPU.ActiveCfg = Debug|Any CPU
		{1F798C28-6CEF-472C-9A0E-87F4CB3C7FF5}.Debug|Any CPU.Build.0 = Debug|Any CPU
		{1F798C28-6CEF-472C-9A0E-87F4CB3C7FF5}.Debug|x64.ActiveCfg = Debug|Any CPU
		{1F798C28-6CEF-472C-9A0E-87F4CB3C7FF5}.Debug|x64.Build.0 = Debug|Any CPU
		{1F798C28-6CEF-472C-9A0E-87F4CB3C7FF5}.Debug|x86.ActiveCfg = Debug|Any CPU
		{1F798C28-6CEF-472C-9A0E-87F4CB3C7FF5}.Debug|x86.Build.0 = Debug|Any CPU
		{1F798C28-6CEF-472C-9A0E-87F4CB3C7FF5}.Release|Any CPU.ActiveCfg = Release|Any CPU
		{1F798C28-6CEF-472C-9A0E-87F4CB3C7FF5}.Release|Any CPU.Build.0 = Release|Any CPU
		{1F798C28-6CEF-472C-9A0E-87F4CB3C7FF5}.Release|x64.ActiveCfg = Release|Any CPU
		{1F798C28-6CEF-472C-9A0E-87F4CB3C7FF5}.Release|x64.Build.0 = Release|Any CPU
		{1F798C28-6CEF-472C-9A0E-87F4CB3C7FF5}.Release|x86.ActiveCfg = Release|Any CPU
		{1F798C28-6CEF-472C-9A0E-87F4CB3C7FF5}.Release|x86.Build.0 = Release|Any CPU
		{3B7001D7-4006-45EE-846C-28FA5657D666}.Debug|Any CPU.ActiveCfg = Debug|Any CPU
		{3B7001D7-4006-45EE-846C-28FA5657D666}.Debug|Any CPU.Build.0 = Debug|Any CPU
		{3B7001D7-4006-45EE-846C-28FA5657D666}.Debug|x64.ActiveCfg = Debug|Any CPU
		{3B7001D7-4006-45EE-846C-28FA5657D666}.Debug|x64.Build.0 = Debug|Any CPU
		{3B7001D7-4006-45EE-846C-28FA5657D666}.Debug|x86.ActiveCfg = Debug|Any CPU
		{3B7001D7-4006-45EE-846C-28FA5657D666}.Debug|x86.Build.0 = Debug|Any CPU
		{3B7001D7-4006-45EE-846C-28FA5657D666}.Release|Any CPU.ActiveCfg = Release|Any CPU
		{3B7001D7-4006-45EE-846C-28FA5657D666}.Release|Any CPU.Build.0 = Release|Any CPU
		{3B7001D7-4006-45EE-846C-28FA5657D666}.Release|x64.ActiveCfg = Release|Any CPU
		{3B7001D7-4006-45EE-846C-28FA5657D666}.Release|x64.Build.0 = Release|Any CPU
		{3B7001D7-4006-45EE-846C-28FA5657D666}.Release|x86.ActiveCfg = Release|Any CPU
		{3B7001D7-4006-45EE-846C-28FA5657D666}.Release|x86.Build.0 = Release|Any CPU
		{906C67B2-43EC-492A-B2C6-0FBA2070FC4E}.Debug|Any CPU.ActiveCfg = Debug|Any CPU
		{906C67B2-43EC-492A-B2C6-0FBA2070FC4E}.Debug|Any CPU.Build.0 = Debug|Any CPU
		{906C67B2-43EC-492A-B2C6-0FBA2070FC4E}.Debug|x64.ActiveCfg = Debug|Any CPU
		{906C67B2-43EC-492A-B2C6-0FBA2070FC4E}.Debug|x64.Build.0 = Debug|Any CPU
		{906C67B2-43EC-492A-B2C6-0FBA2070FC4E}.Debug|x86.ActiveCfg = Debug|Any CPU
		{906C67B2-43EC-492A-B2C6-0FBA2070FC4E}.Debug|x86.Build.0 = Debug|Any CPU
		{906C67B2-43EC-492A-B2C6-0FBA2070FC4E}.Release|Any CPU.ActiveCfg = Release|Any CPU
		{906C67B2-43EC-492A-B2C6-0FBA2070FC4E}.Release|Any CPU.Build.0 = Release|Any CPU
		{906C67B2-43EC-492A-B2C6-0FBA2070FC4E}.Release|x64.ActiveCfg = Release|Any CPU
		{906C67B2-43EC-492A-B2C6-0FBA2070FC4E}.Release|x64.Build.0 = Release|Any CPU
		{906C67B2-43EC-492A-B2C6-0FBA2070FC4E}.Release|x86.ActiveCfg = Release|Any CPU
		{906C67B2-43EC-492A-B2C6-0FBA2070FC4E}.Release|x86.Build.0 = Release|Any CPU
		{5AAE2750-F0C3-4C4E-8EE7-6BAB92B13D85}.Debug|Any CPU.ActiveCfg = Debug|Any CPU
		{5AAE2750-F0C3-4C4E-8EE7-6BAB92B13D85}.Debug|Any CPU.Build.0 = Debug|Any CPU
		{5AAE2750-F0C3-4C4E-8EE7-6BAB92B13D85}.Debug|x64.ActiveCfg = Debug|Any CPU
		{5AAE2750-F0C3-4C4E-8EE7-6BAB92B13D85}.Debug|x64.Build.0 = Debug|Any CPU
		{5AAE2750-F0C3-4C4E-8EE7-6BAB92B13D85}.Debug|x86.ActiveCfg = Debug|Any CPU
		{5AAE2750-F0C3-4C4E-8EE7-6BAB92B13D85}.Debug|x86.Build.0 = Debug|Any CPU
		{5AAE2750-F0C3-4C4E-8EE7-6BAB92B13D85}.Release|Any CPU.ActiveCfg = Release|Any CPU
		{5AAE2750-F0C3-4C4E-8EE7-6BAB92B13D85}.Release|Any CPU.Build.0 = Release|Any CPU
		{5AAE2750-F0C3-4C4E-8EE7-6BAB92B13D85}.Release|x64.ActiveCfg = Release|Any CPU
		{5AAE2750-F0C3-4C4E-8EE7-6BAB92B13D85}.Release|x64.Build.0 = Release|Any CPU
		{5AAE2750-F0C3-4C4E-8EE7-6BAB92B13D85}.Release|x86.ActiveCfg = Release|Any CPU
		{5AAE2750-F0C3-4C4E-8EE7-6BAB92B13D85}.Release|x86.Build.0 = Release|Any CPU
		{09D0BF1C-4497-427D-B0CC-BCB9AEF82D7A}.Debug|Any CPU.ActiveCfg = Debug|Any CPU
		{09D0BF1C-4497-427D-B0CC-BCB9AEF82D7A}.Debug|Any CPU.Build.0 = Debug|Any CPU
		{09D0BF1C-4497-427D-B0CC-BCB9AEF82D7A}.Debug|x64.ActiveCfg = Debug|Any CPU
		{09D0BF1C-4497-427D-B0CC-BCB9AEF82D7A}.Debug|x64.Build.0 = Debug|Any CPU
		{09D0BF1C-4497-427D-B0CC-BCB9AEF82D7A}.Debug|x86.ActiveCfg = Debug|Any CPU
		{09D0BF1C-4497-427D-B0CC-BCB9AEF82D7A}.Debug|x86.Build.0 = Debug|Any CPU
		{09D0BF1C-4497-427D-B0CC-BCB9AEF82D7A}.Release|Any CPU.ActiveCfg = Release|Any CPU
		{09D0BF1C-4497-427D-B0CC-BCB9AEF82D7A}.Release|Any CPU.Build.0 = Release|Any CPU
		{09D0BF1C-4497-427D-B0CC-BCB9AEF82D7A}.Release|x64.ActiveCfg = Release|Any CPU
		{09D0BF1C-4497-427D-B0CC-BCB9AEF82D7A}.Release|x64.Build.0 = Release|Any CPU
		{09D0BF1C-4497-427D-B0CC-BCB9AEF82D7A}.Release|x86.ActiveCfg = Release|Any CPU
		{09D0BF1C-4497-427D-B0CC-BCB9AEF82D7A}.Release|x86.Build.0 = Release|Any CPU
	EndGlobalSection
	GlobalSection(SolutionProperties) = preSolution
		HideSolutionNode = FALSE
	EndGlobalSection
EndGlobal
